{
  "requires": true,
  "lockfileVersion": 1,
  "dependencies": {
    "ng-validate-equal": {
      "version": "1.0.4",
      "resolved": "https://registry.npmjs.org/ng-validate-equal/-/ng-validate-equal-1.0.4.tgz",
      "integrity": "sha512-mgK/vAwB+4AMyVBv4f1WgvZ8ZooQWZulhmsNaLDbrd/1XvK4O3AUeh6XucTMHCO3YMhFikmYRID7/+Ul+PofUA=="
    }
  }
}
